# THIS IS AN AUTOGENERATED FILE. DO NOT EDIT THIS FILE DIRECTLY.
# yarn lockfile v1


node-kit@^0.11.0:
  version "0.11.0"
  resolved "https://registry.yarnpkg.com/node-kit/-/node-kit-0.11.0.tgz#39c4c6db34dc498d67a59f86a4138226e84456a9"
  integrity sha512-UjKGvFX0ZEUAf1U2qnCym9KLSsCQBCHmU5wKK3E+ZhP3//rARJwgay5oSeWQNQcm6acXetbZgHeBIGm6r9j/gw==
